{
    "_meta": {
        "hash": {
            "sha256": "db81db2593b536760e7a97738b664a312849e0bbb2c7ce87d53a6384d63fb7e0"
        },
        "pipfile-spec": 6,
        "requires": {
            "python_version": "3"
        },
        "sources": [
            {
                "name": "pypi",
                "url": "https://pypi.org/simple",
                "verify_ssl": true
            }
        ]
    },
    "default": {
        "click": {
            "hashes": [
                "sha256:27c491cc05d968d271d5a1db13e3b5a184636d9d930f148c50b038f0d0646202",
                "sha256:61a3265b914e850b85317d0b3109c7f8cd35a670f963866005d6ef1d5175a12b"
            ],
            "version": "==8.2.1"
        },
        "colorama": {
            "hashes": [
                "sha256:08695f5cb7ed6e0531a20572697297273c47b8cae5a63ffc6d6ed5c201be6e44",
                "sha256:4f1d9991f5acc0ca119f9d443620b77f9d6b33703e51011c16baf57afb285fc6"
            ],
            "markers": "platform_system == 'Windows'",
            "version": "==0.4.6"
        },
        "customtkinter": {
            "hashes": [
                "sha256:14ad3e7cd3cb3b9eb642b9d4e8711ae80d3f79fb82545ad11258eeffb2e6b37c",
                "sha256:fd8db3bafa961c982ee6030dba80b4c2e25858630756b513986db19113d8d207"
            ],
            "version": "==5.2.2"
        },
        "darkdetect": {
            "hashes": [
                "sha256:a7509ccf517eaad92b31c214f593dbcf138ea8a43b2935406bbd565e15527a85",
                "sha256:b5428e1170263eb5dea44c25dc3895edd75e6f52300986353cd63533fe7df8b1"
            ],
            "markers": "python_version >= '3.6'",
            "version": "==0.8.0"
        },
        "hacktools": {
            "extras": [
                "cli",
                "graphics",
                "nds"
            ],
            "hashes": [
                "sha256:0007a709d90708770ad77f4f612814575d515c960bbf439d4ba5130cda331f57",
                "sha256:009e632170f5cd01f740c79a8807c93e69119c34e44a8826d9a2ccf11e675d7e",
                "sha256:01980ba57f499f358e90d8c29e23b659cb19657d8e716159c966251215f6be21",
                "sha256:0257b82a66ddc5ad34eba9344f9068b7f040cc880725475d3ae5905a8a32a8ca",
                "sha256:037e73d13fca3b43fa6ad8932dc018eb2793b4dbbd5a000cfaf0037cd76acb40",
                "sha256:053c169f473e08b79c65e8b1640cdf741939268205c3e3a80023552aa4c3808a",
                "sha256:073c7e9f25d7f267a1747a7d7bb793183eb1bf00cece7fba8a36f518e5b1c108",
                "sha256:091625201b2a74bcf60e08c75fc3d7febd2d553622112f17d3ab03141c0ca6e5",
                "sha256:0a9564dab40fc68d8a0be4af2678420c62cb7fd7991aed9bb46882ac61af9047",
                "sha256:0ffa3d05803547aa7afad3214b8571fcb6491b28a21ddf5b6f6d07858a5c499f",
                "sha256:1723017d0bf579412a14c516337c2d5490483772d399e84ff012212ee9786fa7",
                "sha256:1728c99a5ccfe83280249831395a34e7c291bd42374b292acd95f2e4378faa6a",
                "sha256:1b5706fb163fd10260ed782e847f9834a32ded4111dc783b3db945e08ef4127e",
                "sha256:1da22aa37bb6d5aa5fbe3bd5b5994f7f945f78946c252b94188e8c5ceac971dc",
                "sha256:1e3a2005f6feec1c2c236560af485b3141de2921efb160bfc6da0cd209452238",
                "sha256:1f84eec5472c0295103eb1c6dc3553ee90169fa14a1acbdd138fff603b0b78ec",
                "sha256:245423b1c06e5692b2bd4d06c46a091104a0ea24d754ebf8ddeb2d822aad80da",
                "sha256:29a141db684db1d1b9c339e83d08bc24c46e5aab3c4e9c410abe02edba19eebb",
                "sha256:2dcb2e97fe4e4bf9ab1f3fd8f2db6e6eaa3cf56e06cfcafc696381b94a2d922f",
                "sha256:2ebdf942560634ad4d0894c81c5f557397e0deb959bafca730a558cf4f48a7ab",
                "sha256:36064e1104bb4546b1c177ccf6e1f760679fd8c7d66c081301e88df3d72fdaa8",
                "sha256:380d6b29565febf0615b7de8111ce05064b01f6fcf8cb0dd5f48439ef78b24e8",
                "sha256:4005e9a2427b84015e2cc01936a869c6d8cc02d56184fee5c6f0c07d9da4fe05",
                "sha256:403188bde04d635357a5bf49ac750227652d515ab557e155e9d9da62b7443530",
                "sha256:4185ab07665a85e57ae313d11cf1454628844cda1c957d4e1c526ad36afdc81a",
                "sha256:4416d245dd9b23c7e1d8fdfc2b0d13f0884319ad131fb6f7ba5dd2ba64d2cfbc",
                "sha256:4946c1fd2885eff275a4ca57070f30579fcf22134fac4784fb11283a9b34d033",
                "sha256:49a3c59b6d884a1bdaa6af1b011e473cc4c16f325a7909569183b32c49de0dbf",
                "sha256:4e612e063539e95b701b6ecdd2e23302842447fe71fee35ee2cce92b12315fdc",
                "sha256:52efaed0792200fb1afa892081cbd09c9921f6e42bf0879eb004fa63b3edaee5",
                "sha256:574c88f10d77216aaec839bbbe4c40d76d2711a0b516a28f708f4d63655e3229",
                "sha256:5949e2d1ef009c372f726525e7e6767a1764e2185791152513682a2a8ac2e113",
                "sha256:5e2989845e3378c84d340c8f2d9d56c6e51a54dca7531c72095098c7a1c432e5",
                "sha256:6058b3cd0c859cb9f19b69cacd4703f55abb9152d3b1fb84e251df0cea1f16a8",
                "sha256:61cb684ea49cabf1ab1535b033d54db6e96a85838e92a7c026e05ae60b52d112",
                "sha256:6a2bad49da7d5d3156643078cffd9cf9fe30f22fe7c359d3190bb8fe3c5c4763",
                "sha256:6f0acc53fd8561bbdd0b3b7f18de0cf993c331962c47e10e6252d37a1eb07e3e",
                "sha256:705951fd6e87aefed5afb27bb598c842b749372b48ed88477d226ea5886a93ff",
                "sha256:72c6c7fe78f8b655343a830c29dcbbaf6384d06dfeb8bed48ef1e6fb8a2fae82",
                "sha256:7b44093f170859a4e35aaa8f8f7c27f0d0aba9ff637e1701fc738e692f398f6b",
                "sha256:80a060b171eb11be68e1ee0ff4ddd7dde9659697665c5e008547a56f3dfe9695",
                "sha256:867b73e6ab11df9280622bd0a75e6ca122c33822d9fb7177dc0335c8db03ded2",
                "sha256:908c19f4fbc366fabbe13480193df7b0d3525ab0a0e83fb9d1a94002d88a07e7",
                "sha256:9271e5b5978563961603057b2ab1386cf3a31b7109562cea1343b3b5bc96ea57",
                "sha256:9369def66ffad64265f4fd13674a0213b750522220e1e7b534ebc9f12439c4e7",
                "sha256:937205a90e5b0e1771d7d123d0921277466f00f74c3e8ec42f763ec6ce9e68e6",
                "sha256:93c6518c162717c30ad8ffb3a290ea284a6e213f53c705c815cd203a011e1b99",
                "sha256:9d83ff46afcfe5b3623a0f6caba226839296d3301b0239de0aff6a3f5314a70d",
                "sha256:a02de7c9b7fcbd55d37ab0a34278d19ce2c68c816b4eb083873078f73e3ae00d",
                "sha256:a15904cc973c4b758d2713fbe755a29ae0c43fcb3da4f6dd1a1c8c17e3c01251",
                "sha256:a5d34ac6e4fb77a44b21138989983c1a79b349fa9e844bcb1e01f7059562c257",
                "sha256:a6b10c0c6cdb2ef841587ed63ba69d833ec354257a148cd56c790a03574eb932",
                "sha256:af27a20f30d7028f8ccb3c79868123288b21a733fa05111789fb4d6db7f0e8c4",
                "sha256:b4ae2c179dcba8e981558caeba582ceef2f2724b101f31df324da3b46f5cd757",
                "sha256:b9a5b87de4dbc726a6af1c7ab87520d609b80f59de28789c6aeac9b3025b5a57",
                "sha256:be09c9003c1b82dc38916c347a93b2f7197bae3964f7ecca993d19913e9e72b7",
                "sha256:beac58ad70a59138f0f26bf45561f5a0b734dc135e561c69fe72953b379fc81b",
                "sha256:c16c3a56d25028e3135f9679faa1523a7e755158356754a4257d9e6d5710b974",
                "sha256:c42582607931fe6a10727fedc9bb53a65f2b2f8f09a6723566005da103c4161c",
                "sha256:ca7e9c97e60e03ef23ba1e45ea5e9aeccf6920c8383727272aa8af1058063e93",
                "sha256:cc7ae6aea013e31d09cabc8980b19ea2bc6a0204f6e7dd9b08467fe44705cfda",
                "sha256:cdb4b512156b455d48c24ed99c3158a9b62ecd95e73d75186009ff8673f1d868",
                "sha256:d110e6d31ddec3c803f14ebcc282fe824a68226adfb8fb4838deb5d7208edb2b",
                "sha256:d258b9ed76b157e007ff59165e535b9dcd4a8f1c06e59dae4bacc4a3c3c98fff",
                "sha256:d333170c45480b9f5062e51ee097762caf531a77ce83b15203326ba8270c3d68",
                "sha256:e847a7b0378ae3e3da22e410681a465a64d54826b2d0cba5fef696bbcc90758f",
                "sha256:ec59acdbccf39aee578d11c8828128de47c78f5b666c9b1a020a334bd174e0c7",
                "sha256:f1baf8a5337878c480ddbf4c95864b587c677cf3e215cae76c1b510d5bf93a2a",
                "sha256:f36061e04c19e3761056d129c4b66adeb9c011b0adeed50252b8480432c3257e",
                "sha256:f425c045a93ed3ed2822602affa6248036e92d5c572aef0ea63b2a341883eac6",
                "sha256:f53225ea3ee61be7dd241f4885925954c0fb94d5ed3b9a79b3a734da4ea724f6",
                "sha256:f7d9008edcaf90e67ba122909d3583c1cb0040b391f34425ee43e01583418cc4",
                "sha256:fe0e4d09948f0502fc2fcc2de16ecaf43fda30f454d0422c99ff4a5738ebb04f",
                "sha256:ffa93e3f0d812f1ac629c99c620a09e3883764a0155c10f0a369f3c11f69c389",
                "sha256:fff4f6ac7548780e2162eef5a5f04697f60889a194d4096988c569b1450dd323"
            ],
            "markers": "python_version >= '3.7'",
            "version": "==0.38.5"
        },
        "ndspy": {
            "hashes": [
                "sha256:d3b03e57ef5ba450e766035e1908293f7a6ba1a738736fae42b2c66952abb85b",
                "sha256:f43529628894d202c9c036582cceee18736e83bf1593db34ef6117a163e0054d"
            ],
            "version": "==4.2.0"
        },
        "packaging": {
            "hashes": [
                "sha256:29572ef2b1f17581046b3a2227d5c611fb25ec70ca1ba8554b24b0e69331a484",
                "sha256:d443872c98d677bf60f6a1f2f8c1cb748e8fe762d2bf9d3148b5599295b0fc4f"
            ],
            "markers": "python_version >= '3.8'",
            "version": "==25.0"
        },
        "pillow": {
            "hashes": [
                "sha256:023f6d2d11784a465f09fd09a34b150ea4672e85fb3d05931d89f373ab14abb2",
                "sha256:02a723e6bf909e7cea0dac1b0e0310be9d7650cd66222a5f1c571455c0a45214",
                "sha256:040a5b691b0713e1f6cbe222e0f4f74cd233421e105850ae3b3c0ceda520f42e",
                "sha256:05f6ecbeff5005399bb48d198f098a9b4b6bdf27b8487c7f38ca16eeb070cd59",
                "sha256:068d9c39a2d1b358eb9f245ce7ab1b5c3246c7c8c7d9ba58cfa5b43146c06e50",
                "sha256:092c80c76635f5ecb10f3f83d76716165c96f5229addbd1ec2bdbbda7d496e06",
                "sha256:0b275ff9b04df7b640c59ec5a3cb113eefd3795a8df80bac69646ef699c6981a",
                "sha256:0bce5c4fd0921f99d2e858dc4d4d64193407e1b99478bc5cacecba2311abde51",
                "sha256:106064daa23a745510dabce1d84f29137a37224831d88eb4ce94bb187b1d7e5f",
                "sha256:118ca10c0d60b06d006be10a501fd6bbdfef559251ed31b794668ed569c87e12",
                "sha256:13f87d581e71d9189ab21fe0efb5a23e9f28552d5be6979e84001d3b8505abe8",
                "sha256:155658efb5e044669c08896c0c44231c5e9abcaadbc5cd3648df2f7c0b96b9a6",
                "sha256:1904e1264881f682f02b7f8167935cce37bc97db457f8e7849dc3a6a52b99580",
                "sha256:19d2ff547c75b8e3ff46f4d9ef969a06c30ab2d4263a9e287733aa8b2429ce8f",
                "sha256:1a992e86b0dd7aeb1f053cd506508c0999d710a8f07b4c791c63843fc6a807ac",
                "sha256:1b9c17fd4ace828b3003dfd1e30bff24863e0eb59b535e8f80194d9cc7ecf860",
                "sha256:1c627742b539bba4309df89171356fcb3cc5a9178355b2727d1b74a6cf155fbd",
                "sha256:1cd110edf822773368b396281a2293aeb91c90a2db00d78ea43e7e861631b722",
                "sha256:1f85acb69adf2aaee8b7da124efebbdb959a104db34d3a2cb0f3793dbae422a8",
                "sha256:2a3117c06b8fb646639dce83694f2f9eac405472713fcb1ae887469c0d4f6788",
                "sha256:2aceea54f957dd4448264f9bf40875da0415c83eb85f55069d89c0ed436e3542",
                "sha256:30807c931ff7c095620fe04448e2c2fc673fcbb1ffe2a7da3fb39613489b1ddd",
                "sha256:30b7c02f3899d10f13d7a48163c8969e4e653f8b43416d23d13d1bbfdc93b9f8",
                "sha256:3828ee7586cd0b2091b6209e5ad53e20d0649bbe87164a459d0676e035e8f523",
                "sha256:3cee80663f29e3843b68199b9d6f4f54bd1d4a6b59bdd91bceefc51238bcb967",
                "sha256:3e184b2f26ff146363dd07bde8b711833d7b0202e27d13540bfe2e35a323a809",
                "sha256:41342b64afeba938edb034d122b2dda5db2139b9a4af999729ba8818e0056477",
                "sha256:41742638139424703b4d01665b807c6468e23e699e8e90cffefe291c5832b027",
                "sha256:4445fa62e15936a028672fd48c4c11a66d641d2c05726c7ec1f8ba6a572036ae",
                "sha256:45dfc51ac5975b938e9809451c51734124e73b04d0f0ac621649821a63852e7b",
                "sha256:48d254f8a4c776de343051023eb61ffe818299eeac478da55227d96e241de53f",
                "sha256:4c834a3921375c48ee6b9624061076bc0a32a60b5532b322cc0ea64e639dd50e",
                "sha256:4c96f993ab8c98460cd0c001447bff6194403e8b1d7e149ade5f00594918128b",
                "sha256:504b6f59505f08ae014f724b6207ff6222662aab5cc9542577fb084ed0676ac7",
                "sha256:527b37216b6ac3a12d7838dc3bd75208ec57c1c6d11ef01902266a5a0c14fc27",
                "sha256:5418b53c0d59b3824d05e029669efa023bbef0f3e92e75ec8428f3799487f361",
                "sha256:59a03cdf019efbfeeed910bf79c7c93255c3d54bc45898ac2a4140071b02b4ae",
                "sha256:5e05688ccef30ea69b9317a9ead994b93975104a677a36a8ed8106be9260aa6d",
                "sha256:643f189248837533073c405ec2f0bb250ba54598cf80e8c1e043381a60632f58",
                "sha256:65dc69160114cdd0ca0f35cb434633c75e8e7fad4cf855177a05bf38678f73ad",
                "sha256:676b2815362456b5b3216b4fd5bd89d362100dc6f4945154ff172e206a22c024",
                "sha256:6a418691000f2a418c9135a7cf0d797c1bb7d9a485e61fe8e7722845b95ef978",
                "sha256:6abdbfd3aea42be05702a8dd98832329c167ee84400a1d1f61ab11437f1717eb",
                "sha256:6be31e3fc9a621e071bc17bb7de63b85cbe0bfae91bb0363c893cbe67247780d",
                "sha256:71f511f6b3b91dd543282477be45a033e4845a40278fa8dcdbfdb07109bf18f9",
                "sha256:7859a4cc7c9295f5838015d8cc0a9c215b77e43d07a25e460f35cf516df8626f",
                "sha256:7966e38dcd0fa11ca390aed7c6f20454443581d758242023cf36fcb319b1a874",
                "sha256:79ea0d14d3ebad43ec77ad5272e6ff9bba5b679ef73375ea760261207fa8e0aa",
                "sha256:7aee118e30a4cf54fdd873bd3a29de51e29105ab11f9aad8c32123f58c8f8081",
                "sha256:7b161756381f0918e05e7cb8a371fff367e807770f8fe92ecb20d905d0e1c149",
                "sha256:7c8ec7a017ad1bd562f93dbd8505763e688d388cde6e4a010ae1486916e713e6",
                "sha256:7db51d222548ccfd274e4572fdbf3e810a5e66b00608862f947b163e613b67dd",
                "sha256:819931d25e57b513242859ce1876c58c59dc31587847bf74cfe06b2e0cb22d2f",
                "sha256:83e1b0161c9d148125083a35c1c5a89db5b7054834fd4387499e06552035236c",
                "sha256:857844335c95bea93fb39e0fa2726b4d9d758850b34075a7e3ff4f4fa3aa3b31",
                "sha256:8797edc41f3e8536ae4b10897ee2f637235c94f27404cac7297f7b607dd0716e",
                "sha256:8924748b688aa210d79883357d102cd64690e56b923a186f35a82cbc10f997db",
                "sha256:89bd777bc6624fe4115e9fac3352c79ed60f3bb18651420635f26e643e3dd1f6",
                "sha256:8dc70ca24c110503e16918a658b869019126ecfe03109b754c402daff12b3d9f",
                "sha256:921bd305b10e82b4d1f5e802b6850677f965d8394203d182f078873851dada69",
                "sha256:932c754c2d51ad2b2271fd01c3d121daaa35e27efae2a616f77bf164bc0b3e94",
                "sha256:93efb0b4de7e340d99057415c749175e24c8864302369e05914682ba642e5d77",
                "sha256:97afb3a00b65cc0804d1c7abddbf090a81eaac02768af58cbdcaaa0a931e0b6d",
                "sha256:97f07ed9f56a3b9b5f49d3661dc9607484e85c67e27f3e8be2c7d28ca032fec7",
                "sha256:98a9afa7b9007c67ed84c57c9e0ad86a6000da96eaa638e4f8abe5b65ff83f0a",
                "sha256:9ab6ae226de48019caa8074894544af5b53a117ccb9d3b3dcb2871464c829438",
                "sha256:9c412fddd1b77a75aa904615ebaa6001f169b26fd467b4be93aded278266b288",
                "sha256:a1bc6ba083b145187f648b667e05a2534ecc4b9f2784c2cbe3089e44868f2b9b",
                "sha256:a418486160228f64dd9e9efcd132679b7a02a5f22c982c78b6fc7dab3fefb635",
                "sha256:a4d336baed65d50d37b88ca5b60c0fa9d81e3a87d4a7930d3880d1624d5b31f3",
                "sha256:a6444696fce635783440b7f7a9fc24b3ad10a9ea3f0ab66c5905be1c19ccf17d",
                "sha256:a7bc6e6fd0395bc052f16b1a8670859964dbd7003bd0af2ff08342eb6e442cfe",
                "sha256:b4b8f3efc8d530a1544e5962bd6b403d5f7fe8b9e08227c6b255f98ad82b4ba0",
                "sha256:b5f56c3f344f2ccaf0dd875d3e180f631dc60a51b314295a3e681fe8cf851fbe",
                "sha256:be5463ac478b623b9dd3937afd7fb7ab3d79dd290a28e2b6df292dc75063eb8a",
                "sha256:c37d8ba9411d6003bba9e518db0db0c58a680ab9fe5179f040b0463644bc9805",
                "sha256:c84d689db21a1c397d001aa08241044aa2069e7587b398c8cc63020390b1c1b8",
                "sha256:cadc9e0ea0a2431124cde7e1697106471fc4c1da01530e679b2391c37d3fbb3a",
                "sha256:cd8ff254faf15591e724dc7c4ddb6bf4793efcbe13802a4ae3e863cd300b493e",
                "sha256:d9da3df5f9ea2a89b81bb6087177fb1f4d1c7146d583a3fe5c672c0d94e55e12",
                "sha256:e5c5858ad8ec655450a7c7df532e9842cf8df7cc349df7225c60d5d348c8aada",
                "sha256:ea944117a7974ae78059fcc1800e5d3295172bb97035c0c1d9345fca1419da71",
                "sha256:ec1ee50470b0d050984394423d96325b744d55c701a439d2bd66089bff963d3c",
                "sha256:f1f182ebd2303acf8c380a54f615ec883322593320a9b00438eb842c1f37ae50",
                "sha256:f8a5827f84d973d8636e9dc5764af4f0cf2318d26744b3d902931701b0d46653",
                "sha256:fdae223722da47b024b867c1ea0be64e0df702c5e0a60e27daad39bf960dd1e4"
            ],
            "version": "==11.3.0"
        },
        "tqdm": {
            "hashes": [
                "sha256:26445eca388f82e72884e0d580d5464cd801a3ea01e63e5601bdff9ba6a48de2",
                "sha256:f8aef9c52c08c13a65f30ea34f4e5aac3fd1a34959879d7e59e63027286627f2"
            ],
            "version": "==4.67.1"
        }
    },
    "develop": {}
}
