{
    "_meta": {
        "hash": {
            "sha256": "db81db2593b536760e7a97738b664a312849e0bbb2c7ce87d53a6384d63fb7e0"
        },
        "pipfile-spec": 6,
        "requires": {
            "python_version": "3"
        },
        "sources": [
            {
                "name": "pypi",
                "url": "https://pypi.org/simple",
                "verify_ssl": true
            }
        ]
    },
    "default": {
        "click": {
            "hashes": [
                "sha256:ae74fb96c20a0277a1d615f1e4d73c8414f5a98db8b799a7931d1582f3390c28",
                "sha256:ca9853ad459e787e2192211578cc907e7594e294c7ccc834310722b41b9ca6de"
            ],
            "version": "==8.1.7"
        },
        "colorama": {
            "hashes": [
                "sha256:08695f5cb7ed6e0531a20572697297273c47b8cae5a63ffc6d6ed5c201be6e44",
                "sha256:4f1d9991f5acc0ca119f9d443620b77f9d6b33703e51011c16baf57afb285fc6"
            ],
            "markers": "platform_system == 'Windows'",
            "version": "==0.4.6"
        },
        "customtkinter": {
            "hashes": [
                "sha256:e93448a8d22121e20ec16e95960a8306e17cf7e0079766f5804b2e855e614937",
                "sha256:f8b2db189959033539884d7faff99ebbb654c18097d761ed844180e32f0b5929"
            ],
            "version": "==5.2.0"
        },
        "darkdetect": {
            "hashes": [
                "sha256:a7509ccf517eaad92b31c214f593dbcf138ea8a43b2935406bbd565e15527a85",
                "sha256:b5428e1170263eb5dea44c25dc3895edd75e6f52300986353cd63533fe7df8b1"
            ],
            "markers": "python_version >= '3.6'",
            "version": "==0.8.0"
        },
        "hacktools": {
            "extras": [
                "cli",
                "graphics",
                "nds"
            ],
            "hashes": [
                "sha256:03d9a80323e5855025c6da43bc385aaa0048b3209c21a0fc1f475e9d8b2a9e80",
                "sha256:05dad4c31f8b93528e09333b3d707670771f37122b398563b51fb00a931ea111",
                "sha256:088e28b79cc0b847b54180b85d494b52442c4f4b3a98c5a17328cbda1a00a2c8",
                "sha256:096e30a8504c75157e4a95a66a810713cdd774cd82085fab29a11f77b1e4f2c0",
                "sha256:168f6ae228f119426f40e99dbaeeda3c36b9c0ae509f22e0a62313a273d85ec0",
                "sha256:1c6b3ac30f87a65cc4b5051018481f83ceba0c93d5eeb670da2b841dda5febea",
                "sha256:1e7db5361ae06cf5a598367db98c55082f7a463fd19734c58bd016f7ffe61baf",
                "sha256:1eb57b7bf2c58c7d147e3b354d930ee1994ad79bb739d59252973f9cab28cd25",
                "sha256:1eff3a82896b5b693b2e1d140b59b1bcee04b7fc12b00c633547f064c0cf5265",
                "sha256:25648b45c8d0fde961224be0ac92ea5550d49ec292ccb9ae03f716b08eab0025",
                "sha256:26dfeebd90f500ce50276d1d10fb1c2e78f7aede8ea8d47283cfe987c3a3d28a",
                "sha256:2a1a30d2192a7d55627f7013e68b8ea491660051f82eb80913c67c17c807eeda",
                "sha256:2af1aa28603d4edf0e07b27f975f827fcaba7d250ef9a338885b80ed8aeea4b3",
                "sha256:327f13202e8a24aa9086b7cf771ccad3467919ef33bd8a0ee9d840d895340bb9",
                "sha256:34f4d0d3414689e5a033044fbc6135612adf1a53428559b57794009eb68822a0",
                "sha256:3a62900eff6beb3785d2240c9d6cf0a071c728e2ead8e6cb437dcb4fae396286",
                "sha256:3cc4131ceb6a445a1918c2e50c733a8c7b04cd363fae923024b9840af9eb2b91",
                "sha256:3e6423672ef3aa623bcb7b8a5caccac746aba37d92c4d6bacedc2957842296b6",
                "sha256:4142847e85f308f6725fa5d45e5780f67e77802340475b9b8d8be3cd64760766",
                "sha256:4183293f5ff64c7db24736a76ace204e6b30ae07785daf4583d22e702830e4d1",
                "sha256:438bbf5bc53e1c4ce12dd1584e43e7c033d53eab4c047b7c79e49354cdc001ab",
                "sha256:4a1f89cbb5aa6c045cce29a6d5def4d037b079d3b300656a1302778ddf57c512",
                "sha256:54e6d51243f3a97ff10d67c05e36716c768fe48c53c7bee901af3702d6c94ea1",
                "sha256:599cc65ee229bbe0a1ebef9ea8f6a92f034f928445215660f8353bdd28915c1a",
                "sha256:5fa439ceb527165c868f4f3e5127d54f2241fb2a0fd006430e4ef7f80152c331",
                "sha256:61a10e4625930bce25970431d7a10817f534c2d83d9aea7715205977489f056e",
                "sha256:641d27cb586662df0f59f1de2986e6bf42aa8ce7f256ce0ea6dccfb30f6589ef",
                "sha256:64824ed4028394e282a30dda351d43bc85cb3bb973c8800552b23c9a68435017",
                "sha256:6740fcae01d4f1231b8590944c95f4d007cca2ef70080606bd7b967f9cb77ee0",
                "sha256:67bc0019bdd9c161d088aff3b88c63d9cc34234b9886997e54210f055c6635b7",
                "sha256:6871cbdba643e71dd7eb929f5628326c75af1d55aff4a20b4dce35d3b06bd9ec",
                "sha256:6b4dd68f4958ba9c7dadb6c635b198eb5374afb9f109ff7310298ed4729ab86b",
                "sha256:6e9fa0d6210ef172fbd5492279b68dc0ab6d2a27735df4708c87af4a51888141",
                "sha256:6ee6ff066d29871c226441121c0f56fa39fdcb74cc76178e7a4532133576b621",
                "sha256:6f0ffddea5d7e4adacb96ec06575d26ad577128d2044e977d84409e4ab4ef50e",
                "sha256:73f08ad8ced26a985111887f904746e582a48d5f6519c3cb35810d5702aa2f3a",
                "sha256:7ac794e447527c3805f3d1f0d84f06d658e066568d894c6008267d582a976284",
                "sha256:7ee5040e67fd8c02c6cfa95f211ab69fddcb305d08da6d941bd3b048bf7d7676",
                "sha256:86889d3bc56e1003bc9cc4d7b77d038a79e8d9945ed6b791e2cfc84888eb4226",
                "sha256:8f23d759861904c83d4c5f00ff1cf2f58e6c3c1de4c773216fab652789014080",
                "sha256:9020636d63be996d309ca54dd5d6eb9f6682e5cedb9fab50f2e6161b7ab2fc80",
                "sha256:90bb87efad2130e469968a9b1a6529071fd0c74c2975de1bae1dc98774b2e2b4",
                "sha256:9ffb939df34c7395288bcbfc5ae8a501beef4434dc8ba92cefdedbf20fefa92c",
                "sha256:a30a85f283d0c0b9a2397ac7a4ebe47c97e46db1af3868c1cb9a5605579604f7",
                "sha256:a50755a12b371e894860715a43ba3d20f9134cdd73b3902a2c6005fe53871027",
                "sha256:a5ce9aa01f6f669b1c236104b9805e5fbc2450987247a6ada7b21288ed6da2e7",
                "sha256:abbc1ae6c3c7e56987c97991c9cf5b2446a27d2986263f74ab317d54d8d19afd",
                "sha256:ade88467c99a30766a47ccb10b2aec8f3b9fc75561233c1adf841bcd08e4d775",
                "sha256:bbb7dda301d8a8616c2c3daa2145e4426bc42947c5bd70295bdd3d2182583dac",
                "sha256:bd24dc405cd41525ef4f6ae784b48f3e03916af5ffd729346f346a016473af76",
                "sha256:bdefa71a3fb512f6959d4cc279876670d02fe0eda29475768ec4cec361fb753c",
                "sha256:c35884508180dafadfac0015ea5a555af274db7e50888760e2d3b6357740abe4",
                "sha256:c72eb33ed89b1799ac13000b4f47ff5b4e9c7fd3289bfd0101547c0ab98761f3",
                "sha256:c83e277592b45bce7027dda26d8a1fc31f85bc7d4927ae82da6d37258e423626",
                "sha256:d11ff4ef1b24e3c074190a26d68d03d2af5052df57d4429b34bf9963d0c6bb68",
                "sha256:dbdd8844ebf9004f61d8925838ae69a030b3d5f448c87dc99449baec4f35376b",
                "sha256:e084a22b47583a349b30b232f267cdb5184b7454392455a514ba163c86df6f7b",
                "sha256:e0a0d41c3c6d697bd668d3f0f931f2955238b847ed8d79fe94230cb96b5f9490",
                "sha256:e3d2c502091ca7b72aabed790cf10fe1fca23f00e1f93eb34b92bbde0855319d",
                "sha256:e5c4dba84c955a4a02af87067fd78bdf9c1cbf0ceab10a7cc8307b997754da57",
                "sha256:e92d7ffbfddb606ef5d154b993ad5108fc272d3a1d2726f2c805f6f5443c38e9",
                "sha256:f08dec240c84e78d1c30c41569ece38dfdd89c9ee6946cb981851f6278778cf5",
                "sha256:f2e4442d0601263a529ac46359d4542aabf5e809f9b6dc0dd00b03691c740306",
                "sha256:f785d2b757cd9b1bc4686e51375d2a3728d369a88ff65ac69e2116893ba109b7"
            ],
            "index": "pypi",
            "version": "==0.33.0"
        },
        "ndspy": {
            "hashes": [
                "sha256:1576ca7ec5542075511185133c20c9b722b118f4aaf52929f0408d6081eee013",
                "sha256:46bdb1491ea27f6b14b15a51930a607b17e4502ad42ad12674ea4c5d04d66ea7"
            ],
            "version": "==4.1.0"
        },
        "pillow": {
            "hashes": [
                "sha256:00f438bb841382b15d7deb9a05cc946ee0f2c352653c7aa659e75e592f6fa17d",
                "sha256:0248f86b3ea061e67817c47ecbe82c23f9dd5d5226200eb9090b3873d3ca32de",
                "sha256:04f6f6149f266a100374ca3cc368b67fb27c4af9f1cc8cb6306d849dcdf12616",
                "sha256:062a1610e3bc258bff2328ec43f34244fcec972ee0717200cb1425214fe5b839",
                "sha256:0a026c188be3b443916179f5d04548092e253beb0c3e2ee0a4e2cdad72f66099",
                "sha256:0f7c276c05a9767e877a0b4c5050c8bee6a6d960d7f0c11ebda6b99746068c2a",
                "sha256:1a8413794b4ad9719346cd9306118450b7b00d9a15846451549314a58ac42219",
                "sha256:1ab05f3db77e98f93964697c8efc49c7954b08dd61cff526b7f2531a22410106",
                "sha256:1c3ac5423c8c1da5928aa12c6e258921956757d976405e9467c5f39d1d577a4b",
                "sha256:1c41d960babf951e01a49c9746f92c5a7e0d939d1652d7ba30f6b3090f27e412",
                "sha256:1fafabe50a6977ac70dfe829b2d5735fd54e190ab55259ec8aea4aaea412fa0b",
                "sha256:1fb29c07478e6c06a46b867e43b0bcdb241b44cc52be9bc25ce5944eed4648e7",
                "sha256:24fadc71218ad2b8ffe437b54876c9382b4a29e030a05a9879f615091f42ffc2",
                "sha256:2cdc65a46e74514ce742c2013cd4a2d12e8553e3a2563c64879f7c7e4d28bce7",
                "sha256:2ef6721c97894a7aa77723740a09547197533146fba8355e86d6d9a4a1056b14",
                "sha256:3b834f4b16173e5b92ab6566f0473bfb09f939ba14b23b8da1f54fa63e4b623f",
                "sha256:3d929a19f5469b3f4df33a3df2983db070ebb2088a1e145e18facbc28cae5b27",
                "sha256:41f67248d92a5e0a2076d3517d8d4b1e41a97e2df10eb8f93106c89107f38b57",
                "sha256:47e5bf85b80abc03be7455c95b6d6e4896a62f6541c1f2ce77a7d2bb832af262",
                "sha256:4d0152565c6aa6ebbfb1e5d8624140a440f2b99bf7afaafbdbf6430426497f28",
                "sha256:50d08cd0a2ecd2a8657bd3d82c71efd5a58edb04d9308185d66c3a5a5bed9610",
                "sha256:61f1a9d247317fa08a308daaa8ee7b3f760ab1809ca2da14ecc88ae4257d6172",
                "sha256:6932a7652464746fcb484f7fc3618e6503d2066d853f68a4bd97193a3996e273",
                "sha256:7a7e3daa202beb61821c06d2517428e8e7c1aab08943e92ec9e5755c2fc9ba5e",
                "sha256:7dbaa3c7de82ef37e7708521be41db5565004258ca76945ad74a8e998c30af8d",
                "sha256:7df5608bc38bd37ef585ae9c38c9cd46d7c81498f086915b0f97255ea60c2818",
                "sha256:806abdd8249ba3953c33742506fe414880bad78ac25cc9a9b1c6ae97bedd573f",
                "sha256:883f216eac8712b83a63f41b76ddfb7b2afab1b74abbb413c5df6680f071a6b9",
                "sha256:912e3812a1dbbc834da2b32299b124b5ddcb664ed354916fd1ed6f193f0e2d01",
                "sha256:937bdc5a7f5343d1c97dc98149a0be7eb9704e937fe3dc7140e229ae4fc572a7",
                "sha256:9882a7451c680c12f232a422730f986a1fcd808da0fd428f08b671237237d651",
                "sha256:9a92109192b360634a4489c0c756364c0c3a2992906752165ecb50544c251312",
                "sha256:9d7bc666bd8c5a4225e7ac71f2f9d12466ec555e89092728ea0f5c0c2422ea80",
                "sha256:a5f63b5a68daedc54c7c3464508d8c12075e56dcfbd42f8c1bf40169061ae666",
                "sha256:a646e48de237d860c36e0db37ecaecaa3619e6f3e9d5319e527ccbc8151df061",
                "sha256:a89b8312d51715b510a4fe9fc13686283f376cfd5abca8cd1c65e4c76e21081b",
                "sha256:a92386125e9ee90381c3369f57a2a50fa9e6aa8b1cf1d9c4b200d41a7dd8e992",
                "sha256:ae88931f93214777c7a3aa0a8f92a683f83ecde27f65a45f95f22d289a69e593",
                "sha256:afc8eef765d948543a4775f00b7b8c079b3321d6b675dde0d02afa2ee23000b4",
                "sha256:b0eb01ca85b2361b09480784a7931fc648ed8b7836f01fb9241141b968feb1db",
                "sha256:b1c25762197144e211efb5f4e8ad656f36c8d214d390585d1d21281f46d556ba",
                "sha256:b4005fee46ed9be0b8fb42be0c20e79411533d1fd58edabebc0dd24626882cfd",
                "sha256:b920e4d028f6442bea9a75b7491c063f0b9a3972520731ed26c83e254302eb1e",
                "sha256:baada14941c83079bf84c037e2d8b7506ce201e92e3d2fa0d1303507a8538212",
                "sha256:bb40c011447712d2e19cc261c82655f75f32cb724788df315ed992a4d65696bb",
                "sha256:c0949b55eb607898e28eaccb525ab104b2d86542a85c74baf3a6dc24002edec2",
                "sha256:c9aeea7b63edb7884b031a35305629a7593272b54f429a9869a4f63a1bf04c34",
                "sha256:cfe96560c6ce2f4c07d6647af2d0f3c54cc33289894ebd88cfbb3bcd5391e256",
                "sha256:d27b5997bdd2eb9fb199982bb7eb6164db0426904020dc38c10203187ae2ff2f",
                "sha256:d921bc90b1defa55c9917ca6b6b71430e4286fc9e44c55ead78ca1a9f9eba5f2",
                "sha256:e6bf8de6c36ed96c86ea3b6e1d5273c53f46ef518a062464cd7ef5dd2cf92e38",
                "sha256:eaed6977fa73408b7b8a24e8b14e59e1668cfc0f4c40193ea7ced8e210adf996",
                "sha256:fa1d323703cfdac2036af05191b969b910d8f115cf53093125e4058f62012c9a",
                "sha256:fe1e26e1ffc38be097f0ba1d0d07fcade2bcfd1d023cda5b29935ae8052bd793"
            ],
            "version": "==10.1.0"
        },
        "tqdm": {
            "hashes": [
                "sha256:d302b3c5b53d47bce91fea46679d9c3c6508cf6332229aa1e7d8653723793386",
                "sha256:d88e651f9db8d8551a62556d3cff9e3034274ca5d66e93197cf2490e2dcb69c7"
            ],
            "version": "==4.66.1"
        }
    },
    "develop": {}
}
