{
    "_meta": {
        "hash": {
            "sha256": "db81db2593b536760e7a97738b664a312849e0bbb2c7ce87d53a6384d63fb7e0"
        },
        "pipfile-spec": 6,
        "requires": {
            "python_version": "3"
        },
        "sources": [
            {
                "name": "pypi",
                "url": "https://pypi.org/simple",
                "verify_ssl": true
            }
        ]
    },
    "default": {
        "click": {
            "hashes": [
                "sha256:ae74fb96c20a0277a1d615f1e4d73c8414f5a98db8b799a7931d1582f3390c28",
                "sha256:ca9853ad459e787e2192211578cc907e7594e294c7ccc834310722b41b9ca6de"
            ],
            "markers": "python_version >= '3.7'",
            "version": "==8.1.7"
        },
        "colorama": {
            "hashes": [
                "sha256:08695f5cb7ed6e0531a20572697297273c47b8cae5a63ffc6d6ed5c201be6e44",
                "sha256:4f1d9991f5acc0ca119f9d443620b77f9d6b33703e51011c16baf57afb285fc6"
            ],
            "markers": "platform_system == 'Windows'",
            "version": "==0.4.6"
        },
        "customtkinter": {
            "hashes": [
                "sha256:e93448a8d22121e20ec16e95960a8306e17cf7e0079766f5804b2e855e614937",
                "sha256:f8b2db189959033539884d7faff99ebbb654c18097d761ed844180e32f0b5929"
            ],
            "version": "==5.2.0"
        },
        "darkdetect": {
            "hashes": [
                "sha256:a7509ccf517eaad92b31c214f593dbcf138ea8a43b2935406bbd565e15527a85",
                "sha256:b5428e1170263eb5dea44c25dc3895edd75e6f52300986353cd63533fe7df8b1"
            ],
            "markers": "python_version >= '3.6'",
            "version": "==0.8.0"
        },
        "hacktools": {
            "extras": [
                "cli",
                "graphics",
                "nds"
            ],
            "hashes": [
                "sha256:004cd953a2f9f6ad7bfc624d1bdb8d83e2411f1d9929c8065666c6dda4f2159b",
                "sha256:05b5f8f2d939b7e697fe8120fa805cb2cf4f00b5c25aca13cfaee954dd7ec636",
                "sha256:074fa69fd87068d81459054e3a9b20ad9a6c070118bcfeff960daf7915f0af0f",
                "sha256:0c81bc3a621209af24c6b511fb1088c822f54c0d438ec3359e9c7da0d691fe74",
                "sha256:1b5f0312b9f326d82affd73f72d0faea7303e5a8169e7872785b6bb888ef0c41",
                "sha256:223f6d3c0e0a3cec70025d4950cc062630f04dca8ccd821180e72fab55bd7a27",
                "sha256:22bc024ba06a8cdc99b16c1215123b4502a5acc61557f27e642e9652b517aac2",
                "sha256:2a06f9125309af96d330c0dee5eb9b1aa414391fe6a6342d7788de7e49c254e7",
                "sha256:2a9cae56b90c865c95bf4c13e8235bbe29d27d852e58823b445644e4e7005c06",
                "sha256:2cb53d360d681967c31e39e099e0bd4f2947628f62cd6dab5a64e51a4f4c661b",
                "sha256:37addc9ea518dd929b5c740970a2a810c820be8af85c3e25e137c448e045ff0b",
                "sha256:3c2afad2421be27dd308d06da1cc803689e93e3d29c4415a8bbedbefeab25e5e",
                "sha256:3c5e4b7aaba02812f8ea04282e7ff982accf4ca8e6dfe6b08c648584401843fd",
                "sha256:4c7babe4737a38c5275ce341235b87faeedb46877bf1535f1930ab52d7c1ea94",
                "sha256:52441907ec12da9893bb2a126fba440bd8c1b24d921bd3f87852000bc5592522",
                "sha256:5934fb2e8bb888f228be809efe322e46de609ebeb0b78bfa640dee79acae7119",
                "sha256:5e3755f323e5d3a956046e8c549e050be8260bb90f4b0f8e842bd661f4ecfd61",
                "sha256:5e8e47aa6c75cc7b05a982f49ae77f08c8a085295144c0aaa91c8854b4a3c970",
                "sha256:64cd8566f8681786dac205b2a3e49d0fe43c7dc806f587df634d83574e4bbbb8",
                "sha256:65191173bedd4672c83150cb8d1aa15448337f1ac109607abeaf03e5e6d574f0",
                "sha256:7065e44d7b00bf513906c6db8e8d83e67a57a4d8fd6f9da869597ff90de9e100",
                "sha256:77a9645d0ea8374ceb1bc06ea6f0427b84c6b0915455b1f58f95ef071c2ad79c",
                "sha256:7a099c463c3a31603f7904df1cf852b8e103587d053f9b4c59a833d04c5eb2e4",
                "sha256:7c1f2f1ab7c3b912fc464dc28c56dad53479d54a16ad951dbc43f4aba65f96cb",
                "sha256:81814cd515321b7a51bd13532a3c21cfb8138d1e22f352925bc0acb121445682",
                "sha256:82ce09c67f574829701c05376e06ef0da1deac69df079f4a4857dc8aecd31e2e",
                "sha256:84b4c1d0cacc4eca4fb7c1de9ed9ef5fe906af92e6fd1c367bc3cae58cc4f57a",
                "sha256:878921de38943513c4d61c83a8eccddaa774664dbc43c0ff922fab5050704911",
                "sha256:89f67001da900c485adedc53364826cf7bcc569385d6ec4a8fe0fdcf172894ef",
                "sha256:8fb395366b7d4f4ccfc45c51cb696a8838764672d7857817bf27e601d6d291bc",
                "sha256:9250c8f4db722a3010af17157198d8ab69c7304c9c2838c4d0b3030542bb3979",
                "sha256:962ffec467cb12af4382285aca7c7e5ac351b074b74088447f8a8e0117896793",
                "sha256:a10f1978a5e6ea303db85f6d430579f96e2d08a3899939760c1bcf4c36fa5201",
                "sha256:a28a8f9a82a5909c52bba70f1e58b0ae8eac362280102323e8041ca1679ddc05",
                "sha256:a6c2fcbf3894d53017e680402d73d544b35efcbe6ed8b26719e803506f3448dc",
                "sha256:c30105591652c79aa1f3313410caeed3ab3e053b4956543905e54a2c5aee024b",
                "sha256:c398a6bf940248d10f6ddbf2d5eae23f1d56f59ca4ee8c763df49cd201729734",
                "sha256:c7981b67f7d844cda3ccb41fcc51c513c2a3362f15a747ccdc565f7b06042f18",
                "sha256:cd825b5e428eee559bce2381576568eba9d4853cb535a49e652e27338224e14c",
                "sha256:d6ee7ac28d950b6a402a83296438ec9e790877ef15ba78194d4ae10ceb6a6173",
                "sha256:ddece2454f68bbf8c537d2f3de3de3bc2c2fb62e3f09f832e212ff38b6897b0d",
                "sha256:de40aaa416a53999f2ed28162da09a5f53ece535b5f42bb96e26a4386f779f99",
                "sha256:e1c780931e0112b9d213cf361fcfdc21a8d6910a12147044ee99d30dd105064c",
                "sha256:e26803ec3415be90a81c102566e6cf614604a369c75912a10bc3f1f9ea70a241",
                "sha256:e4101f280ff9c33f888744fc29b18a403925da1cf007c1d625883e10fee9f162",
                "sha256:e4ddeb58a3d5e31bd2d5bc322029bcff5341b9c3b18e6827923e4985e4792fd8",
                "sha256:e9addf50898ff21b5aa527f955aebd056eadfaa7b109732ce85ff97027c416e2",
                "sha256:eb615fc9b3e01ab614396b1976743184aa8481344f9b547df54aeceba3f035a2",
                "sha256:ef4f4f7d550cd750406a071d9de3550ef50e2a57e44a1e419591825be36d2ac6",
                "sha256:f4365a4883928622353c07d068881e49c4e8548d1456bb81438d4a8ce19316fc",
                "sha256:fca7f23fd245dc89c6d6562ac77c358b88315e1ad9426672c04cffb30a1cf84a",
                "sha256:fe8e4f570202044bd16f2621d4fb16c53bc7735aa528dd9fee6f5995ce487e22"
            ],
            "index": "pypi",
            "version": "==0.32.10"
        },
        "ndspy": {
            "hashes": [
                "sha256:1576ca7ec5542075511185133c20c9b722b118f4aaf52929f0408d6081eee013",
                "sha256:46bdb1491ea27f6b14b15a51930a607b17e4502ad42ad12674ea4c5d04d66ea7"
            ],
            "version": "==4.1.0"
        },
        "pillow": {
            "hashes": [
                "sha256:0462b1496505a3462d0f35dc1c4d7b54069747d65d00ef48e736acda2c8cbdff",
                "sha256:186f7e04248103482ea6354af6d5bcedb62941ee08f7f788a1c7707bc720c66f",
                "sha256:19e9adb3f22d4c416e7cd79b01375b17159d6990003633ff1d8377e21b7f1b21",
                "sha256:28444cb6ad49726127d6b340217f0627abc8732f1194fd5352dec5e6a0105635",
                "sha256:2872f2d7846cf39b3dbff64bc1104cc48c76145854256451d33c5faa55c04d1a",
                "sha256:2cc6b86ece42a11f16f55fe8903595eff2b25e0358dec635d0a701ac9586588f",
                "sha256:2d7e91b4379f7a76b31c2dda84ab9e20c6220488e50f7822e59dac36b0cd92b1",
                "sha256:2fa6dd2661838c66f1a5473f3b49ab610c98a128fc08afbe81b91a1f0bf8c51d",
                "sha256:32bec7423cdf25c9038fef614a853c9d25c07590e1a870ed471f47fb80b244db",
                "sha256:3855447d98cced8670aaa63683808df905e956f00348732448b5a6df67ee5849",
                "sha256:3a04359f308ebee571a3127fdb1bd01f88ba6f6fb6d087f8dd2e0d9bff43f2a7",
                "sha256:3a0d3e54ab1df9df51b914b2233cf779a5a10dfd1ce339d0421748232cea9876",
                "sha256:44e7e4587392953e5e251190a964675f61e4dae88d1e6edbe9f36d6243547ff3",
                "sha256:459307cacdd4138edee3875bbe22a2492519e060660eaf378ba3b405d1c66317",
                "sha256:4ce90f8a24e1c15465048959f1e94309dfef93af272633e8f37361b824532e91",
                "sha256:50bd5f1ebafe9362ad622072a1d2f5850ecfa44303531ff14353a4059113b12d",
                "sha256:522ff4ac3aaf839242c6f4e5b406634bfea002469656ae8358644fc6c4856a3b",
                "sha256:552912dbca585b74d75279a7570dd29fa43b6d93594abb494ebb31ac19ace6bd",
                "sha256:5d6c9049c6274c1bb565021367431ad04481ebb54872edecfcd6088d27edd6ed",
                "sha256:697a06bdcedd473b35e50a7e7506b1d8ceb832dc238a336bd6f4f5aa91a4b500",
                "sha256:71671503e3015da1b50bd18951e2f9daf5b6ffe36d16f1eb2c45711a301521a7",
                "sha256:723bd25051454cea9990203405fa6b74e043ea76d4968166dfd2569b0210886a",
                "sha256:764d2c0daf9c4d40ad12fbc0abd5da3af7f8aa11daf87e4fa1b834000f4b6b0a",
                "sha256:787bb0169d2385a798888e1122c980c6eff26bf941a8ea79747d35d8f9210ca0",
                "sha256:7f771e7219ff04b79e231d099c0a28ed83aa82af91fd5fa9fdb28f5b8d5addaf",
                "sha256:847e8d1017c741c735d3cd1883fa7b03ded4f825a6e5fcb9378fd813edee995f",
                "sha256:84efb46e8d881bb06b35d1d541aa87f574b58e87f781cbba8d200daa835b42e1",
                "sha256:898f1d306298ff40dc1b9ca24824f0488f6f039bc0e25cfb549d3195ffa17088",
                "sha256:8b451d6ead6e3500b6ce5c7916a43d8d8d25ad74b9102a629baccc0808c54971",
                "sha256:8f06be50669087250f319b706decf69ca71fdecd829091a37cc89398ca4dc17a",
                "sha256:92a23b0431941a33242b1f0ce6c88a952e09feeea9af4e8be48236a68ffe2205",
                "sha256:93139acd8109edcdeffd85e3af8ae7d88b258b3a1e13a038f542b79b6d255c54",
                "sha256:98533fd7fa764e5f85eebe56c8e4094db912ccbe6fbf3a58778d543cadd0db08",
                "sha256:9f665d1e6474af9f9da5e86c2a3a2d2d6204e04d5af9c06b9d42afa6ebde3f21",
                "sha256:b059ac2c4c7a97daafa7dc850b43b2d3667def858a4f112d1aa082e5c3d6cf7d",
                "sha256:b1be1c872b9b5fcc229adeadbeb51422a9633abd847c0ff87dc4ef9bb184ae08",
                "sha256:b7cf63d2c6928b51d35dfdbda6f2c1fddbe51a6bc4a9d4ee6ea0e11670dd981e",
                "sha256:bc2e3069569ea9dbe88d6b8ea38f439a6aad8f6e7a6283a38edf61ddefb3a9bf",
                "sha256:bcf1207e2f2385a576832af02702de104be71301c2696d0012b1b93fe34aaa5b",
                "sha256:ca26ba5767888c84bf5a0c1a32f069e8204ce8c21d00a49c90dabeba00ce0145",
                "sha256:cbe68deb8580462ca0d9eb56a81912f59eb4542e1ef8f987405e35a0179f4ea2",
                "sha256:d6caf3cd38449ec3cd8a68b375e0c6fe4b6fd04edb6c9766b55ef84a6e8ddf2d",
                "sha256:d72967b06be9300fed5cfbc8b5bafceec48bf7cdc7dab66b1d2549035287191d",
                "sha256:d889b53ae2f030f756e61a7bff13684dcd77e9af8b10c6048fb2c559d6ed6eaf",
                "sha256:de596695a75496deb3b499c8c4f8e60376e0516e1a774e7bc046f0f48cd620ad",
                "sha256:e6a90167bcca1216606223a05e2cf991bb25b14695c518bc65639463d7db722d",
                "sha256:ed2d9c0704f2dc4fa980b99d565c0c9a543fe5101c25b3d60488b8ba80f0cce1",
                "sha256:ee7810cf7c83fa227ba9125de6084e5e8b08c59038a7b2c9045ef4dde61663b4",
                "sha256:f0b4b06da13275bc02adfeb82643c4a6385bd08d26f03068c2796f60d125f6f2",
                "sha256:f11c9102c56ffb9ca87134bd025a43d2aba3f1155f508eff88f694b33a9c6d19",
                "sha256:f5bb289bb835f9fe1a1e9300d011eef4d69661bb9b34d5e196e5e82c4cb09b37",
                "sha256:f6d3d4c905e26354e8f9d82548475c46d8e0889538cb0657aa9c6f0872a37aa4",
                "sha256:fcb59711009b0168d6ee0bd8fb5eb259c4ab1717b2f538bbf36bacf207ef7a68",
                "sha256:fd2a5403a75b54661182b75ec6132437a181209b901446ee5724b589af8edef1"
            ],
            "version": "==10.0.1"
        },
        "tqdm": {
            "hashes": [
                "sha256:d302b3c5b53d47bce91fea46679d9c3c6508cf6332229aa1e7d8653723793386",
                "sha256:d88e651f9db8d8551a62556d3cff9e3034274ca5d66e93197cf2490e2dcb69c7"
            ],
            "markers": "python_version >= '3.7'",
            "version": "==4.66.1"
        }
    },
    "develop": {}
}
